{
  "version": 4,
  "terraform_version": "1.0.7",
  "serial": 37,
  "lineage": "ee5e580c-7339-2b2a-7373-135538c5b8ba",
  "outputs": {
    "private_subnet_ids": {
      "value": [
        [
          "subnet-03644fd92f407f446",
          "subnet-019889be782fbc5f0",
          "subnet-024129af97cd6acf2",
          "subnet-0a04723805485fbcf",
          "subnet-084e1c795cb9c92e1",
          "subnet-010de9cd6ec522aab",
          "subnet-0aff55b3d4bb6f68b",
          "subnet-0bd629094982055b3",
          "subnet-0e20b1a45a99aeb8e"
        ]
      ],
      "type": [
        "tuple",
        [
          [
            "tuple",
            [
              "string",
              "string",
              "string",
              "string",
              "string",
              "string",
              "string",
              "string",
              "string"
            ]
          ]
        ]
      ]
    },
    "public_subnet_ids": {
      "value": [
        [
          "subnet-0ec12034bf87d9b46",
          "subnet-07524c795d8cf67aa",
          "subnet-0887aa9227b81a484"
        ]
      ],
      "type": [
        "tuple",
        [
          [
            "tuple",
            [
              "string",
              "string",
              "string"
            ]
          ]
        ]
      ]
    },
    "vpc_id": {
      "value": "vpc-0e9f7aa863bb26d67",
      "type": "string"
    },
    "web_sg_id": {
      "value": [
        "sg-045f70482004676d0"
      ],
      "type": [
        "tuple",
        [
          "string"
        ]
      ]
    }
  },
  "resources": [
    {
      "module": "module.vpc",
      "mode": "managed",
      "type": "aws_internet_gateway",
      "name": "igw",
      "provider": "provider[\"registry.terraform.io/hashicorp/aws\"]",
      "instances": [
        {
          "index_key": 0,
          "schema_version": 0,
          "attributes": {
            "arn": "arn:aws:ec2:ap-south-1:253942872677:internet-gateway/igw-0b571cd93eef0edff",
            "id": "igw-0b571cd93eef0edff",
            "owner_id": "253942872677",
            "tags": {
              "Name": "sample-igw-new"
            },
            "tags_all": {
              "Name": "sample-igw-new"
            },
            "vpc_id": "vpc-0e9f7aa863bb26d67"
          },
          "sensitive_attributes": [],
          "private": "bnVsbA==",
          "dependencies": [
            "module.vpc.aws_vpc.main"
          ]
        }
      ]
    },
    {
      "module": "module.vpc",
      "mode": "managed",
      "type": "aws_vpc",
      "name": "main",
      "provider": "provider[\"registry.terraform.io/hashicorp/aws\"]",
      "instances": [
        {
          "schema_version": 1,
          "attributes": {
            "arn": "arn:aws:ec2:ap-south-1:253942872677:vpc/vpc-0e9f7aa863bb26d67",
            "assign_generated_ipv6_cidr_block": false,
            "cidr_block": "10.0.0.0/16",
            "default_network_acl_id": "acl-0e1fd4faf483e4217",
            "default_route_table_id": "rtb-0f61a9ff5a9759edc",
            "default_security_group_id": "sg-0a63e5ae5075897fa",
            "dhcp_options_id": "dopt-0dbf5375f035beb95",
            "enable_classiclink": false,
            "enable_classiclink_dns_support": false,
            "enable_dns_hostnames": true,
            "enable_dns_support": true,
            "id": "vpc-0e9f7aa863bb26d67",
            "instance_tenancy": "default",
            "ipv4_ipam_pool_id": null,
            "ipv4_netmask_length": null,
            "ipv6_association_id": "",
            "ipv6_cidr_block": "",
            "ipv6_cidr_block_network_border_group": "",
            "ipv6_ipam_pool_id": "",
            "ipv6_netmask_length": 0,
            "main_route_table_id": "rtb-0f61a9ff5a9759edc",
            "owner_id": "253942872677",
            "tags": {
              "Name": "sample-vpc"
            },
            "tags_all": {
              "Name": "sample-vpc"
            }
          },
          "sensitive_attributes": [],
          "private": "eyJzY2hlbWFfdmVyc2lvbiI6IjEifQ=="
        }
      ]
    },
    {
      "module": "module.vpc.module.PrivateSubnets[0]",
      "mode": "managed",
      "type": "aws_route_table_association",
      "name": "route_table_association",
      "provider": "provider[\"registry.terraform.io/hashicorp/aws\"]",
      "instances": [
        {
          "index_key": 0,
          "schema_version": 0,
          "attributes": {
            "gateway_id": "",
            "id": "rtbassoc-0ee99f93e300b757f",
            "route_table_id": "rtb-0f10846543cf2616f",
            "subnet_id": "subnet-03644fd92f407f446"
          },
          "sensitive_attributes": [],
          "private": "bnVsbA==",
          "dependencies": [
            "module.vpc.aws_internet_gateway.igw",
            "module.vpc.aws_vpc.main",
            "module.vpc.module.PrivateSubnets.aws_subnet.subnet",
            "module.vpc.module.PublicSubnets.aws_route_table_association.route_table_association",
            "module.vpc.module.PublicSubnets.aws_subnet.subnet",
            "module.vpc.module.nat-gateway.aws_eip.nat_ip",
            "module.vpc.module.nat-gateway.aws_nat_gateway.nat-gw",
            "module.vpc.module.privateRouteTable.aws_route_table.route_table",
            "module.vpc.module.publicRouteTable.aws_route_table.route_table"
          ]
        },
        {
          "index_key": 1,
          "schema_version": 0,
          "attributes": {
            "gateway_id": "",
            "id": "rtbassoc-00028edb32965f27f",
            "route_table_id": "rtb-0f10846543cf2616f",
            "subnet_id": "subnet-019889be782fbc5f0"
          },
          "sensitive_attributes": [],
          "private": "bnVsbA==",
          "dependencies": [
            "module.vpc.aws_internet_gateway.igw",
            "module.vpc.aws_vpc.main",
            "module.vpc.module.PrivateSubnets.aws_subnet.subnet",
            "module.vpc.module.PublicSubnets.aws_route_table_association.route_table_association",
            "module.vpc.module.PublicSubnets.aws_subnet.subnet",
            "module.vpc.module.nat-gateway.aws_eip.nat_ip",
            "module.vpc.module.nat-gateway.aws_nat_gateway.nat-gw",
            "module.vpc.module.privateRouteTable.aws_route_table.route_table",
            "module.vpc.module.publicRouteTable.aws_route_table.route_table"
          ]
        },
        {
          "index_key": 2,
          "schema_version": 0,
          "attributes": {
            "gateway_id": "",
            "id": "rtbassoc-03a0cfcf077d08568",
            "route_table_id": "rtb-0f10846543cf2616f",
            "subnet_id": "subnet-024129af97cd6acf2"
          },
          "sensitive_attributes": [],
          "private": "bnVsbA==",
          "dependencies": [
            "module.vpc.aws_internet_gateway.igw",
            "module.vpc.aws_vpc.main",
            "module.vpc.module.PrivateSubnets.aws_subnet.subnet",
            "module.vpc.module.PublicSubnets.aws_route_table_association.route_table_association",
            "module.vpc.module.PublicSubnets.aws_subnet.subnet",
            "module.vpc.module.nat-gateway.aws_eip.nat_ip",
            "module.vpc.module.nat-gateway.aws_nat_gateway.nat-gw",
            "module.vpc.module.privateRouteTable.aws_route_table.route_table",
            "module.vpc.module.publicRouteTable.aws_route_table.route_table"
          ]
        },
        {
          "index_key": 3,
          "schema_version": 0,
          "attributes": {
            "gateway_id": "",
            "id": "rtbassoc-05c149805f6c6f5f6",
            "route_table_id": "rtb-0f10846543cf2616f",
            "subnet_id": "subnet-0a04723805485fbcf"
          },
          "sensitive_attributes": [],
          "private": "bnVsbA==",
          "dependencies": [
            "module.vpc.aws_internet_gateway.igw",
            "module.vpc.aws_vpc.main",
            "module.vpc.module.PrivateSubnets.aws_subnet.subnet",
            "module.vpc.module.PublicSubnets.aws_route_table_association.route_table_association",
            "module.vpc.module.PublicSubnets.aws_subnet.subnet",
            "module.vpc.module.nat-gateway.aws_eip.nat_ip",
            "module.vpc.module.nat-gateway.aws_nat_gateway.nat-gw",
            "module.vpc.module.privateRouteTable.aws_route_table.route_table",
            "module.vpc.module.publicRouteTable.aws_route_table.route_table"
          ]
        },
        {
          "index_key": 4,
          "schema_version": 0,
          "attributes": {
            "gateway_id": "",
            "id": "rtbassoc-00aa0390c886f62c9",
            "route_table_id": "rtb-0f10846543cf2616f",
            "subnet_id": "subnet-084e1c795cb9c92e1"
          },
          "sensitive_attributes": [],
          "private": "bnVsbA==",
          "dependencies": [
            "module.vpc.aws_internet_gateway.igw",
            "module.vpc.aws_vpc.main",
            "module.vpc.module.PrivateSubnets.aws_subnet.subnet",
            "module.vpc.module.PublicSubnets.aws_route_table_association.route_table_association",
            "module.vpc.module.PublicSubnets.aws_subnet.subnet",
            "module.vpc.module.nat-gateway.aws_eip.nat_ip",
            "module.vpc.module.nat-gateway.aws_nat_gateway.nat-gw",
            "module.vpc.module.privateRouteTable.aws_route_table.route_table",
            "module.vpc.module.publicRouteTable.aws_route_table.route_table"
          ]
        },
        {
          "index_key": 5,
          "schema_version": 0,
          "attributes": {
            "gateway_id": "",
            "id": "rtbassoc-0f6f965b2f584e90c",
            "route_table_id": "rtb-0f10846543cf2616f",
            "subnet_id": "subnet-010de9cd6ec522aab"
          },
          "sensitive_attributes": [],
          "private": "bnVsbA==",
          "dependencies": [
            "module.vpc.aws_internet_gateway.igw",
            "module.vpc.aws_vpc.main",
            "module.vpc.module.PrivateSubnets.aws_subnet.subnet",
            "module.vpc.module.PublicSubnets.aws_route_table_association.route_table_association",
            "module.vpc.module.PublicSubnets.aws_subnet.subnet",
            "module.vpc.module.nat-gateway.aws_eip.nat_ip",
            "module.vpc.module.nat-gateway.aws_nat_gateway.nat-gw",
            "module.vpc.module.privateRouteTable.aws_route_table.route_table",
            "module.vpc.module.publicRouteTable.aws_route_table.route_table"
          ]
        },
        {
          "index_key": 6,
          "schema_version": 0,
          "attributes": {
            "gateway_id": "",
            "id": "rtbassoc-0b35e672f57aa69f8",
            "route_table_id": "rtb-0f10846543cf2616f",
            "subnet_id": "subnet-0aff55b3d4bb6f68b"
          },
          "sensitive_attributes": [],
          "private": "bnVsbA==",
          "dependencies": [
            "module.vpc.aws_internet_gateway.igw",
            "module.vpc.aws_vpc.main",
            "module.vpc.module.PrivateSubnets.aws_subnet.subnet",
            "module.vpc.module.PublicSubnets.aws_route_table_association.route_table_association",
            "module.vpc.module.PublicSubnets.aws_subnet.subnet",
            "module.vpc.module.nat-gateway.aws_eip.nat_ip",
            "module.vpc.module.nat-gateway.aws_nat_gateway.nat-gw",
            "module.vpc.module.privateRouteTable.aws_route_table.route_table",
            "module.vpc.module.publicRouteTable.aws_route_table.route_table"
          ]
        },
        {
          "index_key": 7,
          "schema_version": 0,
          "attributes": {
            "gateway_id": "",
            "id": "rtbassoc-0d35d71621b4a08ed",
            "route_table_id": "rtb-0f10846543cf2616f",
            "subnet_id": "subnet-0bd629094982055b3"
          },
          "sensitive_attributes": [],
          "private": "bnVsbA==",
          "dependencies": [
            "module.vpc.aws_internet_gateway.igw",
            "module.vpc.aws_vpc.main",
            "module.vpc.module.PrivateSubnets.aws_subnet.subnet",
            "module.vpc.module.PublicSubnets.aws_route_table_association.route_table_association",
            "module.vpc.module.PublicSubnets.aws_subnet.subnet",
            "module.vpc.module.nat-gateway.aws_eip.nat_ip",
            "module.vpc.module.nat-gateway.aws_nat_gateway.nat-gw",
            "module.vpc.module.privateRouteTable.aws_route_table.route_table",
            "module.vpc.module.publicRouteTable.aws_route_table.route_table"
          ]
        },
        {
          "index_key": 8,
          "schema_version": 0,
          "attributes": {
            "gateway_id": "",
            "id": "rtbassoc-0d45e9a18bc802426",
            "route_table_id": "rtb-0f10846543cf2616f",
            "subnet_id": "subnet-0e20b1a45a99aeb8e"
          },
          "sensitive_attributes": [],
          "private": "bnVsbA==",
          "dependencies": [
            "module.vpc.aws_internet_gateway.igw",
            "module.vpc.aws_vpc.main",
            "module.vpc.module.PrivateSubnets.aws_subnet.subnet",
            "module.vpc.module.PublicSubnets.aws_route_table_association.route_table_association",
            "module.vpc.module.PublicSubnets.aws_subnet.subnet",
            "module.vpc.module.nat-gateway.aws_eip.nat_ip",
            "module.vpc.module.nat-gateway.aws_nat_gateway.nat-gw",
            "module.vpc.module.privateRouteTable.aws_route_table.route_table",
            "module.vpc.module.publicRouteTable.aws_route_table.route_table"
          ]
        }
      ]
    },
    {
      "module": "module.vpc.module.PrivateSubnets[0]",
      "mode": "managed",
      "type": "aws_subnet",
      "name": "subnet",
      "provider": "provider[\"registry.terraform.io/hashicorp/aws\"]",
      "instances": [
        {
          "index_key": 0,
          "schema_version": 1,
          "attributes": {
            "arn": "arn:aws:ec2:ap-south-1:253942872677:subnet/subnet-03644fd92f407f446",
            "assign_ipv6_address_on_creation": false,
            "availability_zone": "ap-south-1a",
            "availability_zone_id": "aps1-az1",
            "cidr_block": "10.0.4.0/24",
            "customer_owned_ipv4_pool": "",
            "enable_dns64": false,
            "enable_resource_name_dns_a_record_on_launch": false,
            "enable_resource_name_dns_aaaa_record_on_launch": false,
            "id": "subnet-03644fd92f407f446",
            "ipv6_cidr_block": "",
            "ipv6_cidr_block_association_id": "",
            "ipv6_native": false,
            "map_customer_owned_ip_on_launch": false,
            "map_public_ip_on_launch": false,
            "outpost_arn": "",
            "owner_id": "253942872677",
            "private_dns_hostname_type_on_launch": "ip-name",
            "tags": {
              "Name": "sample-private-subnet-new-1"
            },
            "tags_all": {
              "Name": "sample-private-subnet-new-1"
            },
            "timeouts": null,
            "vpc_id": "vpc-0e9f7aa863bb26d67"
          },
          "sensitive_attributes": [],
          "private": "eyJlMmJmYjczMC1lY2FhLTExZTYtOGY4OC0zNDM2M2JjN2M0YzAiOnsiY3JlYXRlIjo2MDAwMDAwMDAwMDAsImRlbGV0ZSI6MTIwMDAwMDAwMDAwMH0sInNjaGVtYV92ZXJzaW9uIjoiMSJ9",
          "dependencies": [
            "module.vpc.aws_vpc.main"
          ]
        },
        {
          "index_key": 1,
          "schema_version": 1,
          "attributes": {
            "arn": "arn:aws:ec2:ap-south-1:253942872677:subnet/subnet-019889be782fbc5f0",
            "assign_ipv6_address_on_creation": false,
            "availability_zone": "ap-south-1b",
            "availability_zone_id": "aps1-az3",
            "cidr_block": "10.0.5.0/24",
            "customer_owned_ipv4_pool": "",
            "enable_dns64": false,
            "enable_resource_name_dns_a_record_on_launch": false,
            "enable_resource_name_dns_aaaa_record_on_launch": false,
            "id": "subnet-019889be782fbc5f0",
            "ipv6_cidr_block": "",
            "ipv6_cidr_block_association_id": "",
            "ipv6_native": false,
            "map_customer_owned_ip_on_launch": false,
            "map_public_ip_on_launch": false,
            "outpost_arn": "",
            "owner_id": "253942872677",
            "private_dns_hostname_type_on_launch": "ip-name",
            "tags": {
              "Name": "sample-private-subnet-new-2"
            },
            "tags_all": {
              "Name": "sample-private-subnet-new-2"
            },
            "timeouts": null,
            "vpc_id": "vpc-0e9f7aa863bb26d67"
          },
          "sensitive_attributes": [],
          "private": "eyJlMmJmYjczMC1lY2FhLTExZTYtOGY4OC0zNDM2M2JjN2M0YzAiOnsiY3JlYXRlIjo2MDAwMDAwMDAwMDAsImRlbGV0ZSI6MTIwMDAwMDAwMDAwMH0sInNjaGVtYV92ZXJzaW9uIjoiMSJ9",
          "dependencies": [
            "module.vpc.aws_vpc.main"
          ]
        },
        {
          "index_key": 2,
          "schema_version": 1,
          "attributes": {
            "arn": "arn:aws:ec2:ap-south-1:253942872677:subnet/subnet-024129af97cd6acf2",
            "assign_ipv6_address_on_creation": false,
            "availability_zone": "ap-south-1c",
            "availability_zone_id": "aps1-az2",
            "cidr_block": "10.0.6.0/24",
            "customer_owned_ipv4_pool": "",
            "enable_dns64": false,
            "enable_resource_name_dns_a_record_on_launch": false,
            "enable_resource_name_dns_aaaa_record_on_launch": false,
            "id": "subnet-024129af97cd6acf2",
            "ipv6_cidr_block": "",
            "ipv6_cidr_block_association_id": "",
            "ipv6_native": false,
            "map_customer_owned_ip_on_launch": false,
            "map_public_ip_on_launch": false,
            "outpost_arn": "",
            "owner_id": "253942872677",
            "private_dns_hostname_type_on_launch": "ip-name",
            "tags": {
              "Name": "sample-private-subnet-new-3"
            },
            "tags_all": {
              "Name": "sample-private-subnet-new-3"
            },
            "timeouts": null,
            "vpc_id": "vpc-0e9f7aa863bb26d67"
          },
          "sensitive_attributes": [],
          "private": "eyJlMmJmYjczMC1lY2FhLTExZTYtOGY4OC0zNDM2M2JjN2M0YzAiOnsiY3JlYXRlIjo2MDAwMDAwMDAwMDAsImRlbGV0ZSI6MTIwMDAwMDAwMDAwMH0sInNjaGVtYV92ZXJzaW9uIjoiMSJ9",
          "dependencies": [
            "module.vpc.aws_vpc.main"
          ]
        },
        {
          "index_key": 3,
          "schema_version": 1,
          "attributes": {
            "arn": "arn:aws:ec2:ap-south-1:253942872677:subnet/subnet-0a04723805485fbcf",
            "assign_ipv6_address_on_creation": false,
            "availability_zone": "ap-south-1a",
            "availability_zone_id": "aps1-az1",
            "cidr_block": "10.0.7.0/24",
            "customer_owned_ipv4_pool": "",
            "enable_dns64": false,
            "enable_resource_name_dns_a_record_on_launch": false,
            "enable_resource_name_dns_aaaa_record_on_launch": false,
            "id": "subnet-0a04723805485fbcf",
            "ipv6_cidr_block": "",
            "ipv6_cidr_block_association_id": "",
            "ipv6_native": false,
            "map_customer_owned_ip_on_launch": false,
            "map_public_ip_on_launch": false,
            "outpost_arn": "",
            "owner_id": "253942872677",
            "private_dns_hostname_type_on_launch": "ip-name",
            "tags": {
              "Name": "sample-private-subnet-new-4"
            },
            "tags_all": {
              "Name": "sample-private-subnet-new-4"
            },
            "timeouts": null,
            "vpc_id": "vpc-0e9f7aa863bb26d67"
          },
          "sensitive_attributes": [],
          "private": "eyJlMmJmYjczMC1lY2FhLTExZTYtOGY4OC0zNDM2M2JjN2M0YzAiOnsiY3JlYXRlIjo2MDAwMDAwMDAwMDAsImRlbGV0ZSI6MTIwMDAwMDAwMDAwMH0sInNjaGVtYV92ZXJzaW9uIjoiMSJ9",
          "dependencies": [
            "module.vpc.aws_vpc.main"
          ]
        },
        {
          "index_key": 4,
          "schema_version": 1,
          "attributes": {
            "arn": "arn:aws:ec2:ap-south-1:253942872677:subnet/subnet-084e1c795cb9c92e1",
            "assign_ipv6_address_on_creation": false,
            "availability_zone": "ap-south-1b",
            "availability_zone_id": "aps1-az3",
            "cidr_block": "10.0.8.0/24",
            "customer_owned_ipv4_pool": "",
            "enable_dns64": false,
            "enable_resource_name_dns_a_record_on_launch": false,
            "enable_resource_name_dns_aaaa_record_on_launch": false,
            "id": "subnet-084e1c795cb9c92e1",
            "ipv6_cidr_block": "",
            "ipv6_cidr_block_association_id": "",
            "ipv6_native": false,
            "map_customer_owned_ip_on_launch": false,
            "map_public_ip_on_launch": false,
            "outpost_arn": "",
            "owner_id": "253942872677",
            "private_dns_hostname_type_on_launch": "ip-name",
            "tags": {
              "Name": "sample-private-subnet-new-5"
            },
            "tags_all": {
              "Name": "sample-private-subnet-new-5"
            },
            "timeouts": null,
            "vpc_id": "vpc-0e9f7aa863bb26d67"
          },
          "sensitive_attributes": [],
          "private": "eyJlMmJmYjczMC1lY2FhLTExZTYtOGY4OC0zNDM2M2JjN2M0YzAiOnsiY3JlYXRlIjo2MDAwMDAwMDAwMDAsImRlbGV0ZSI6MTIwMDAwMDAwMDAwMH0sInNjaGVtYV92ZXJzaW9uIjoiMSJ9",
          "dependencies": [
            "module.vpc.aws_vpc.main"
          ]
        },
        {
          "index_key": 5,
          "schema_version": 1,
          "attributes": {
            "arn": "arn:aws:ec2:ap-south-1:253942872677:subnet/subnet-010de9cd6ec522aab",
            "assign_ipv6_address_on_creation": false,
            "availability_zone": "ap-south-1c",
            "availability_zone_id": "aps1-az2",
            "cidr_block": "10.0.9.0/24",
            "customer_owned_ipv4_pool": "",
            "enable_dns64": false,
            "enable_resource_name_dns_a_record_on_launch": false,
            "enable_resource_name_dns_aaaa_record_on_launch": false,
            "id": "subnet-010de9cd6ec522aab",
            "ipv6_cidr_block": "",
            "ipv6_cidr_block_association_id": "",
            "ipv6_native": false,
            "map_customer_owned_ip_on_launch": false,
            "map_public_ip_on_launch": false,
            "outpost_arn": "",
            "owner_id": "253942872677",
            "private_dns_hostname_type_on_launch": "ip-name",
            "tags": {
              "Name": "sample-private-subnet-new-6"
            },
            "tags_all": {
              "Name": "sample-private-subnet-new-6"
            },
            "timeouts": null,
            "vpc_id": "vpc-0e9f7aa863bb26d67"
          },
          "sensitive_attributes": [],
          "private": "eyJlMmJmYjczMC1lY2FhLTExZTYtOGY4OC0zNDM2M2JjN2M0YzAiOnsiY3JlYXRlIjo2MDAwMDAwMDAwMDAsImRlbGV0ZSI6MTIwMDAwMDAwMDAwMH0sInNjaGVtYV92ZXJzaW9uIjoiMSJ9",
          "dependencies": [
            "module.vpc.aws_vpc.main"
          ]
        },
        {
          "index_key": 6,
          "schema_version": 1,
          "attributes": {
            "arn": "arn:aws:ec2:ap-south-1:253942872677:subnet/subnet-0aff55b3d4bb6f68b",
            "assign_ipv6_address_on_creation": false,
            "availability_zone": "ap-south-1a",
            "availability_zone_id": "aps1-az1",
            "cidr_block": "10.0.10.0/24",
            "customer_owned_ipv4_pool": "",
            "enable_dns64": false,
            "enable_resource_name_dns_a_record_on_launch": false,
            "enable_resource_name_dns_aaaa_record_on_launch": false,
            "id": "subnet-0aff55b3d4bb6f68b",
            "ipv6_cidr_block": "",
            "ipv6_cidr_block_association_id": "",
            "ipv6_native": false,
            "map_customer_owned_ip_on_launch": false,
            "map_public_ip_on_launch": false,
            "outpost_arn": "",
            "owner_id": "253942872677",
            "private_dns_hostname_type_on_launch": "ip-name",
            "tags": {
              "Name": "sample-private-subnet-new-7"
            },
            "tags_all": {
              "Name": "sample-private-subnet-new-7"
            },
            "timeouts": null,
            "vpc_id": "vpc-0e9f7aa863bb26d67"
          },
          "sensitive_attributes": [],
          "private": "eyJlMmJmYjczMC1lY2FhLTExZTYtOGY4OC0zNDM2M2JjN2M0YzAiOnsiY3JlYXRlIjo2MDAwMDAwMDAwMDAsImRlbGV0ZSI6MTIwMDAwMDAwMDAwMH0sInNjaGVtYV92ZXJzaW9uIjoiMSJ9",
          "dependencies": [
            "module.vpc.aws_vpc.main"
          ]
        },
        {
          "index_key": 7,
          "schema_version": 1,
          "attributes": {
            "arn": "arn:aws:ec2:ap-south-1:253942872677:subnet/subnet-0bd629094982055b3",
            "assign_ipv6_address_on_creation": false,
            "availability_zone": "ap-south-1b",
            "availability_zone_id": "aps1-az3",
            "cidr_block": "10.0.11.0/24",
            "customer_owned_ipv4_pool": "",
            "enable_dns64": false,
            "enable_resource_name_dns_a_record_on_launch": false,
            "enable_resource_name_dns_aaaa_record_on_launch": false,
            "id": "subnet-0bd629094982055b3",
            "ipv6_cidr_block": "",
            "ipv6_cidr_block_association_id": "",
            "ipv6_native": false,
            "map_customer_owned_ip_on_launch": false,
            "map_public_ip_on_launch": false,
            "outpost_arn": "",
            "owner_id": "253942872677",
            "private_dns_hostname_type_on_launch": "ip-name",
            "tags": {
              "Name": "sample-private-subnet-new-8"
            },
            "tags_all": {
              "Name": "sample-private-subnet-new-8"
            },
            "timeouts": null,
            "vpc_id": "vpc-0e9f7aa863bb26d67"
          },
          "sensitive_attributes": [],
          "private": "eyJlMmJmYjczMC1lY2FhLTExZTYtOGY4OC0zNDM2M2JjN2M0YzAiOnsiY3JlYXRlIjo2MDAwMDAwMDAwMDAsImRlbGV0ZSI6MTIwMDAwMDAwMDAwMH0sInNjaGVtYV92ZXJzaW9uIjoiMSJ9",
          "dependencies": [
            "module.vpc.aws_vpc.main"
          ]
        },
        {
          "index_key": 8,
          "schema_version": 1,
          "attributes": {
            "arn": "arn:aws:ec2:ap-south-1:253942872677:subnet/subnet-0e20b1a45a99aeb8e",
            "assign_ipv6_address_on_creation": false,
            "availability_zone": "ap-south-1c",
            "availability_zone_id": "aps1-az2",
            "cidr_block": "10.0.12.0/24",
            "customer_owned_ipv4_pool": "",
            "enable_dns64": false,
            "enable_resource_name_dns_a_record_on_launch": false,
            "enable_resource_name_dns_aaaa_record_on_launch": false,
            "id": "subnet-0e20b1a45a99aeb8e",
            "ipv6_cidr_block": "",
            "ipv6_cidr_block_association_id": "",
            "ipv6_native": false,
            "map_customer_owned_ip_on_launch": false,
            "map_public_ip_on_launch": false,
            "outpost_arn": "",
            "owner_id": "253942872677",
            "private_dns_hostname_type_on_launch": "ip-name",
            "tags": {
              "Name": "sample-private-subnet-new-9"
            },
            "tags_all": {
              "Name": "sample-private-subnet-new-9"
            },
            "timeouts": null,
            "vpc_id": "vpc-0e9f7aa863bb26d67"
          },
          "sensitive_attributes": [],
          "private": "eyJlMmJmYjczMC1lY2FhLTExZTYtOGY4OC0zNDM2M2JjN2M0YzAiOnsiY3JlYXRlIjo2MDAwMDAwMDAwMDAsImRlbGV0ZSI6MTIwMDAwMDAwMDAwMH0sInNjaGVtYV92ZXJzaW9uIjoiMSJ9",
          "dependencies": [
            "module.vpc.aws_vpc.main"
          ]
        }
      ]
    },
    {
      "module": "module.vpc.module.PublicSubnets[0]",
      "mode": "managed",
      "type": "aws_route_table_association",
      "name": "route_table_association",
      "provider": "provider[\"registry.terraform.io/hashicorp/aws\"]",
      "instances": [
        {
          "index_key": 0,
          "schema_version": 0,
          "attributes": {
            "gateway_id": "",
            "id": "rtbassoc-062a87946b3e9abf0",
            "route_table_id": "rtb-0367681f405551ce4",
            "subnet_id": "subnet-0ec12034bf87d9b46"
          },
          "sensitive_attributes": [],
          "private": "bnVsbA==",
          "dependencies": [
            "module.vpc.aws_internet_gateway.igw",
            "module.vpc.aws_vpc.main",
            "module.vpc.module.PublicSubnets.aws_subnet.subnet",
            "module.vpc.module.publicRouteTable.aws_route_table.route_table"
          ]
        },
        {
          "index_key": 1,
          "schema_version": 0,
          "attributes": {
            "gateway_id": "",
            "id": "rtbassoc-00b64486d1e8b7369",
            "route_table_id": "rtb-0367681f405551ce4",
            "subnet_id": "subnet-07524c795d8cf67aa"
          },
          "sensitive_attributes": [],
          "private": "bnVsbA==",
          "dependencies": [
            "module.vpc.aws_internet_gateway.igw",
            "module.vpc.aws_vpc.main",
            "module.vpc.module.PublicSubnets.aws_subnet.subnet",
            "module.vpc.module.publicRouteTable.aws_route_table.route_table"
          ]
        },
        {
          "index_key": 2,
          "schema_version": 0,
          "attributes": {
            "gateway_id": "",
            "id": "rtbassoc-02f68a3c6d881b4b9",
            "route_table_id": "rtb-0367681f405551ce4",
            "subnet_id": "subnet-0887aa9227b81a484"
          },
          "sensitive_attributes": [],
          "private": "bnVsbA==",
          "dependencies": [
            "module.vpc.aws_internet_gateway.igw",
            "module.vpc.aws_vpc.main",
            "module.vpc.module.PublicSubnets.aws_subnet.subnet",
            "module.vpc.module.publicRouteTable.aws_route_table.route_table"
          ]
        }
      ]
    },
    {
      "module": "module.vpc.module.PublicSubnets[0]",
      "mode": "managed",
      "type": "aws_subnet",
      "name": "subnet",
      "provider": "provider[\"registry.terraform.io/hashicorp/aws\"]",
      "instances": [
        {
          "index_key": 0,
          "schema_version": 1,
          "attributes": {
            "arn": "arn:aws:ec2:ap-south-1:253942872677:subnet/subnet-0ec12034bf87d9b46",
            "assign_ipv6_address_on_creation": false,
            "availability_zone": "ap-south-1a",
            "availability_zone_id": "aps1-az1",
            "cidr_block": "10.0.1.0/24",
            "customer_owned_ipv4_pool": "",
            "enable_dns64": false,
            "enable_resource_name_dns_a_record_on_launch": false,
            "enable_resource_name_dns_aaaa_record_on_launch": false,
            "id": "subnet-0ec12034bf87d9b46",
            "ipv6_cidr_block": "",
            "ipv6_cidr_block_association_id": "",
            "ipv6_native": false,
            "map_customer_owned_ip_on_launch": false,
            "map_public_ip_on_launch": false,
            "outpost_arn": "",
            "owner_id": "253942872677",
            "private_dns_hostname_type_on_launch": "ip-name",
            "tags": {
              "Name": "sample-public-subnet-new-1"
            },
            "tags_all": {
              "Name": "sample-public-subnet-new-1"
            },
            "timeouts": null,
            "vpc_id": "vpc-0e9f7aa863bb26d67"
          },
          "sensitive_attributes": [],
          "private": "eyJlMmJmYjczMC1lY2FhLTExZTYtOGY4OC0zNDM2M2JjN2M0YzAiOnsiY3JlYXRlIjo2MDAwMDAwMDAwMDAsImRlbGV0ZSI6MTIwMDAwMDAwMDAwMH0sInNjaGVtYV92ZXJzaW9uIjoiMSJ9",
          "dependencies": [
            "module.vpc.aws_vpc.main"
          ]
        },
        {
          "index_key": 1,
          "schema_version": 1,
          "attributes": {
            "arn": "arn:aws:ec2:ap-south-1:253942872677:subnet/subnet-07524c795d8cf67aa",
            "assign_ipv6_address_on_creation": false,
            "availability_zone": "ap-south-1b",
            "availability_zone_id": "aps1-az3",
            "cidr_block": "10.0.2.0/24",
            "customer_owned_ipv4_pool": "",
            "enable_dns64": false,
            "enable_resource_name_dns_a_record_on_launch": false,
            "enable_resource_name_dns_aaaa_record_on_launch": false,
            "id": "subnet-07524c795d8cf67aa",
            "ipv6_cidr_block": "",
            "ipv6_cidr_block_association_id": "",
            "ipv6_native": false,
            "map_customer_owned_ip_on_launch": false,
            "map_public_ip_on_launch": false,
            "outpost_arn": "",
            "owner_id": "253942872677",
            "private_dns_hostname_type_on_launch": "ip-name",
            "tags": {
              "Name": "sample-public-subnet-new-2"
            },
            "tags_all": {
              "Name": "sample-public-subnet-new-2"
            },
            "timeouts": null,
            "vpc_id": "vpc-0e9f7aa863bb26d67"
          },
          "sensitive_attributes": [],
          "private": "eyJlMmJmYjczMC1lY2FhLTExZTYtOGY4OC0zNDM2M2JjN2M0YzAiOnsiY3JlYXRlIjo2MDAwMDAwMDAwMDAsImRlbGV0ZSI6MTIwMDAwMDAwMDAwMH0sInNjaGVtYV92ZXJzaW9uIjoiMSJ9",
          "dependencies": [
            "module.vpc.aws_vpc.main"
          ]
        },
        {
          "index_key": 2,
          "schema_version": 1,
          "attributes": {
            "arn": "arn:aws:ec2:ap-south-1:253942872677:subnet/subnet-0887aa9227b81a484",
            "assign_ipv6_address_on_creation": false,
            "availability_zone": "ap-south-1c",
            "availability_zone_id": "aps1-az2",
            "cidr_block": "10.0.3.0/24",
            "customer_owned_ipv4_pool": "",
            "enable_dns64": false,
            "enable_resource_name_dns_a_record_on_launch": false,
            "enable_resource_name_dns_aaaa_record_on_launch": false,
            "id": "subnet-0887aa9227b81a484",
            "ipv6_cidr_block": "",
            "ipv6_cidr_block_association_id": "",
            "ipv6_native": false,
            "map_customer_owned_ip_on_launch": false,
            "map_public_ip_on_launch": false,
            "outpost_arn": "",
            "owner_id": "253942872677",
            "private_dns_hostname_type_on_launch": "ip-name",
            "tags": {
              "Name": "sample-public-subnet-new-3"
            },
            "tags_all": {
              "Name": "sample-public-subnet-new-3"
            },
            "timeouts": null,
            "vpc_id": "vpc-0e9f7aa863bb26d67"
          },
          "sensitive_attributes": [],
          "private": "eyJlMmJmYjczMC1lY2FhLTExZTYtOGY4OC0zNDM2M2JjN2M0YzAiOnsiY3JlYXRlIjo2MDAwMDAwMDAwMDAsImRlbGV0ZSI6MTIwMDAwMDAwMDAwMH0sInNjaGVtYV92ZXJzaW9uIjoiMSJ9",
          "dependencies": [
            "module.vpc.aws_vpc.main"
          ]
        }
      ]
    },
    {
      "module": "module.vpc.module.nat-gateway[0]",
      "mode": "managed",
      "type": "aws_eip",
      "name": "nat_ip",
      "provider": "provider[\"registry.terraform.io/hashicorp/aws\"]",
      "instances": [
        {
          "schema_version": 0,
          "attributes": {
            "address": null,
            "allocation_id": "eipalloc-0398b40f7f32db114",
            "associate_with_private_ip": null,
            "association_id": "",
            "carrier_ip": "",
            "customer_owned_ip": "",
            "customer_owned_ipv4_pool": "",
            "domain": "vpc",
            "id": "eipalloc-0398b40f7f32db114",
            "instance": "",
            "network_border_group": "ap-south-1",
            "network_interface": "",
            "private_dns": null,
            "private_ip": "",
            "public_dns": "ec2-43-204-77-153.ap-south-1.compute.amazonaws.com",
            "public_ip": "43.204.77.153",
            "public_ipv4_pool": "amazon",
            "tags": {},
            "tags_all": {},
            "timeouts": null,
            "vpc": true
          },
          "sensitive_attributes": [],
          "private": "eyJlMmJmYjczMC1lY2FhLTExZTYtOGY4OC0zNDM2M2JjN2M0YzAiOnsiZGVsZXRlIjoxODAwMDAwMDAwMDAsInJlYWQiOjkwMDAwMDAwMDAwMCwidXBkYXRlIjozMDAwMDAwMDAwMDB9fQ=="
        }
      ]
    },
    {
      "module": "module.vpc.module.nat-gateway[0]",
      "mode": "managed",
      "type": "aws_nat_gateway",
      "name": "nat-gw",
      "provider": "provider[\"registry.terraform.io/hashicorp/aws\"]",
      "instances": [
        {
          "schema_version": 0,
          "attributes": {
            "allocation_id": "eipalloc-0398b40f7f32db114",
            "connectivity_type": "public",
            "id": "nat-01811a47e85a59431",
            "network_interface_id": "eni-009c5a568930e3830",
            "private_ip": "10.0.2.207",
            "public_ip": "43.204.77.153",
            "subnet_id": "subnet-07524c795d8cf67aa",
            "tags": {
              "Name": "sample-nat-new"
            },
            "tags_all": {
              "Name": "sample-nat-new"
            }
          },
          "sensitive_attributes": [],
          "private": "bnVsbA==",
          "dependencies": [
            "module.vpc.aws_internet_gateway.igw",
            "module.vpc.aws_vpc.main",
            "module.vpc.module.PublicSubnets.aws_route_table_association.route_table_association",
            "module.vpc.module.PublicSubnets.aws_subnet.subnet",
            "module.vpc.module.nat-gateway.aws_eip.nat_ip",
            "module.vpc.module.publicRouteTable.aws_route_table.route_table"
          ]
        }
      ]
    },
    {
      "module": "module.vpc.module.privateRouteTable[0]",
      "mode": "managed",
      "type": "aws_route_table",
      "name": "route_table",
      "provider": "provider[\"registry.terraform.io/hashicorp/aws\"]",
      "instances": [
        {
          "schema_version": 0,
          "attributes": {
            "arn": "arn:aws:ec2:ap-south-1:253942872677:route-table/rtb-0f10846543cf2616f",
            "id": "rtb-0f10846543cf2616f",
            "owner_id": "253942872677",
            "propagating_vgws": [],
            "route": [
              {
                "carrier_gateway_id": "",
                "cidr_block": "0.0.0.0/0",
                "core_network_arn": "",
                "destination_prefix_list_id": "",
                "egress_only_gateway_id": "",
                "gateway_id": "nat-01811a47e85a59431",
                "instance_id": "",
                "ipv6_cidr_block": "",
                "local_gateway_id": "",
                "nat_gateway_id": "",
                "network_interface_id": "",
                "transit_gateway_id": "",
                "vpc_endpoint_id": "",
                "vpc_peering_connection_id": ""
              }
            ],
            "tags": {
              "Name": "sample-private-rt-new-rt"
            },
            "tags_all": {
              "Name": "sample-private-rt-new-rt"
            },
            "timeouts": null,
            "vpc_id": "vpc-0e9f7aa863bb26d67"
          },
          "sensitive_attributes": [],
          "private": "eyJlMmJmYjczMC1lY2FhLTExZTYtOGY4OC0zNDM2M2JjN2M0YzAiOnsiY3JlYXRlIjozMDAwMDAwMDAwMDAsImRlbGV0ZSI6MzAwMDAwMDAwMDAwLCJ1cGRhdGUiOjEyMDAwMDAwMDAwMH19",
          "dependencies": [
            "module.vpc.aws_internet_gateway.igw",
            "module.vpc.aws_vpc.main",
            "module.vpc.module.PublicSubnets.aws_route_table_association.route_table_association",
            "module.vpc.module.PublicSubnets.aws_subnet.subnet",
            "module.vpc.module.nat-gateway.aws_eip.nat_ip",
            "module.vpc.module.nat-gateway.aws_nat_gateway.nat-gw",
            "module.vpc.module.publicRouteTable.aws_route_table.route_table"
          ]
        }
      ]
    },
    {
      "module": "module.vpc.module.publicRouteTable[0]",
      "mode": "managed",
      "type": "aws_route_table",
      "name": "route_table",
      "provider": "provider[\"registry.terraform.io/hashicorp/aws\"]",
      "instances": [
        {
          "schema_version": 0,
          "attributes": {
            "arn": "arn:aws:ec2:ap-south-1:253942872677:route-table/rtb-0367681f405551ce4",
            "id": "rtb-0367681f405551ce4",
            "owner_id": "253942872677",
            "propagating_vgws": [],
            "route": [
              {
                "carrier_gateway_id": "",
                "cidr_block": "0.0.0.0/0",
                "core_network_arn": "",
                "destination_prefix_list_id": "",
                "egress_only_gateway_id": "",
                "gateway_id": "igw-0b571cd93eef0edff",
                "instance_id": "",
                "ipv6_cidr_block": "",
                "local_gateway_id": "",
                "nat_gateway_id": "",
                "network_interface_id": "",
                "transit_gateway_id": "",
                "vpc_endpoint_id": "",
                "vpc_peering_connection_id": ""
              }
            ],
            "tags": {
              "Name": "sample-public-rt-new-rt"
            },
            "tags_all": {
              "Name": "sample-public-rt-new-rt"
            },
            "timeouts": null,
            "vpc_id": "vpc-0e9f7aa863bb26d67"
          },
          "sensitive_attributes": [],
          "private": "eyJlMmJmYjczMC1lY2FhLTExZTYtOGY4OC0zNDM2M2JjN2M0YzAiOnsiY3JlYXRlIjozMDAwMDAwMDAwMDAsImRlbGV0ZSI6MzAwMDAwMDAwMDAwLCJ1cGRhdGUiOjEyMDAwMDAwMDAwMH19",
          "dependencies": [
            "module.vpc.aws_internet_gateway.igw",
            "module.vpc.aws_vpc.main"
          ]
        }
      ]
    },
    {
      "module": "module.vpc.module.public_web_security_group[0]",
      "mode": "managed",
      "type": "aws_security_group",
      "name": "security_group",
      "provider": "provider[\"registry.terraform.io/hashicorp/aws\"]",
      "instances": [
        {
          "schema_version": 1,
          "attributes": {
            "arn": "arn:aws:ec2:ap-south-1:253942872677:security-group/sg-045f70482004676d0",
            "description": "Managed by Terraform",
            "egress": [],
            "id": "sg-045f70482004676d0",
            "ingress": [],
            "name": "sample-sg-name-new",
            "name_prefix": "",
            "owner_id": "253942872677",
            "revoke_rules_on_delete": false,
            "tags": {
              "Name": "sample-sg-name-new",
              "Provisioner": "Terraform"
            },
            "tags_all": {
              "Name": "sample-sg-name-new",
              "Provisioner": "Terraform"
            },
            "timeouts": null,
            "vpc_id": "vpc-0e9f7aa863bb26d67"
          },
          "sensitive_attributes": [],
          "private": "eyJlMmJmYjczMC1lY2FhLTExZTYtOGY4OC0zNDM2M2JjN2M0YzAiOnsiY3JlYXRlIjo2MDAwMDAwMDAwMDAsImRlbGV0ZSI6OTAwMDAwMDAwMDAwfSwic2NoZW1hX3ZlcnNpb24iOiIxIn0=",
          "dependencies": [
            "module.vpc.aws_vpc.main"
          ]
        }
      ]
    },
    {
      "module": "module.vpc.module.public_web_security_group[0]",
      "mode": "managed",
      "type": "aws_security_group_rule",
      "name": "sg_egress_with_cidr",
      "provider": "provider[\"registry.terraform.io/hashicorp/aws\"]",
      "instances": [
        {
          "index_key": 0,
          "schema_version": 2,
          "attributes": {
            "cidr_blocks": [
              "0.0.0.0/0"
            ],
            "description": "Allow all outbound traffic",
            "from_port": 0,
            "id": "sgrule-1838967869",
            "ipv6_cidr_blocks": null,
            "prefix_list_ids": null,
            "protocol": "-1",
            "security_group_id": "sg-045f70482004676d0",
            "self": false,
            "source_security_group_id": null,
            "to_port": 0,
            "type": "egress"
          },
          "sensitive_attributes": [],
          "private": "eyJzY2hlbWFfdmVyc2lvbiI6IjIifQ==",
          "dependencies": [
            "module.vpc.aws_vpc.main",
            "module.vpc.module.public_web_security_group.aws_security_group.security_group"
          ]
        }
      ]
    },
    {
      "module": "module.vpc.module.public_web_security_group[0]",
      "mode": "managed",
      "type": "aws_security_group_rule",
      "name": "with_cidr_blocks",
      "provider": "provider[\"registry.terraform.io/hashicorp/aws\"]",
      "instances": [
        {
          "index_key": 0,
          "schema_version": 2,
          "attributes": {
            "cidr_blocks": [
              "0.0.0.0/0"
            ],
            "description": "Rule for port 80",
            "from_port": 80,
            "id": "sgrule-2719695298",
            "ipv6_cidr_blocks": null,
            "prefix_list_ids": null,
            "protocol": "tcp",
            "security_group_id": "sg-045f70482004676d0",
            "self": false,
            "source_security_group_id": null,
            "to_port": 80,
            "type": "ingress"
          },
          "sensitive_attributes": [],
          "private": "eyJzY2hlbWFfdmVyc2lvbiI6IjIifQ==",
          "dependencies": [
            "module.vpc.aws_vpc.main",
            "module.vpc.module.public_web_security_group.aws_security_group.security_group"
          ]
        },
        {
          "index_key": 1,
          "schema_version": 2,
          "attributes": {
            "cidr_blocks": [
              "0.0.0.0/0"
            ],
            "description": "Rule for port 443",
            "from_port": 443,
            "id": "sgrule-1580467235",
            "ipv6_cidr_blocks": null,
            "prefix_list_ids": null,
            "protocol": "tcp",
            "security_group_id": "sg-045f70482004676d0",
            "self": false,
            "source_security_group_id": null,
            "to_port": 443,
            "type": "ingress"
          },
          "sensitive_attributes": [],
          "private": "eyJzY2hlbWFfdmVyc2lvbiI6IjIifQ==",
          "dependencies": [
            "module.vpc.aws_vpc.main",
            "module.vpc.module.public_web_security_group.aws_security_group.security_group"
          ]
        }
      ]
    }
  ]
}
